{
  "name": "super-climate-space-apps-climate-story",
  "lockfileVersion": 3,
  "requires": true,
  "packages": {
    "": {
      "dependencies": {
        "create-next-app": "^14.2.14"
      }
    },
    "node_modules/create-next-app": {
      "version": "14.2.14",
      "resolved": "https://registry.npmjs.org/create-next-app/-/create-next-app-14.2.14.tgz",
      "integrity": "sha512-aqoPr04oB3lSINlFjmHXXhnjkdvm8c5rfCp1FWXakebdiL89wuCUmy9JmJnczGx3Vamz3V1xjxC2NPcHyHecTQ==",
      "license": "MIT",
      "bin": {
        "create-next-app": "dist/index.js"
      },
      "engines": {
        "node": ">=18.17.0"
      }
    }
  }
}
